
Microsoft Visual Studio Solution File, Format Version 12.00
# Visual Studio Version 17
VisualStudioVersion = 17.5.33414.496
MinimumVisualStudioVersion = 10.0.40219.1
Project("{FAE04EC0-301F-11D3-BF4B-00C04F79EFBC}") = "DataGridSortExample", "DataGridSortExample\DataGridSortExample.csproj", "{623A9FC6-D6BC-402A-8324-FB833C3E523B}"
EndProject
Global
	GlobalSection(SolutionConfigurationPlatforms) = preSolution
		Debug|Any CPU = Debug|Any CPU
		Release|Any CPU = Release|Any CPU
	EndGlobalSection
	GlobalSection(ProjectConfigurationPlatforms) = postSolution
		{623A9FC6-D6BC-402A-8324-FB833C3E523B}.Debug|Any CPU.ActiveCfg = Debug|Any CPU
		{623A9FC6-D6BC-402A-8324-FB833C3E523B}.Debug|Any CPU.Build.0 = Debug|Any CPU
		{623A9FC6-D6BC-402A-8324-FB833C3E523B}.Release|Any CPU.ActiveCfg = Release|Any CPU
		{623A9FC6-D6BC-402A-8324-FB833C3E523B}.Release|Any CPU.Build.0 = Release|Any CPU
	EndGlobalSection
	GlobalSection(SolutionProperties) = preSolution
		HideSolutionNode = FALSE
	EndGlobalSection
	GlobalSection(ExtensibilityGlobals) = postSolution
		SolutionGuid = {BBD29F47-23EF-4FDB-9C3E-E89AE40F6A61}
	EndGlobalSection
EndGlobal
