
Microsoft Visual Studio Solution File, Format Version 12.00
# Visual Studio Version 17
VisualStudioVersion = 17.4.33205.214
MinimumVisualStudioVersion = 10.0.40219.1
Project("{FAE04EC0-301F-11D3-BF4B-00C04F79EFBC}") = "linearkeyframe", "linearkeyframe\linearkeyframe.csproj", "{712689E0-9459-463E-A3C9-1E09766F783D}"
EndProject
Global
	GlobalSection(SolutionConfigurationPlatforms) = preSolution
		Debug|Any CPU = Debug|Any CPU
		Release|Any CPU = Release|Any CPU
	EndGlobalSection
	GlobalSection(ProjectConfigurationPlatforms) = postSolution
		{712689E0-9459-463E-A3C9-1E09766F783D}.Debug|Any CPU.ActiveCfg = Debug|Any CPU
		{712689E0-9459-463E-A3C9-1E09766F783D}.Debug|Any CPU.Build.0 = Debug|Any CPU
		{712689E0-9459-463E-A3C9-1E09766F783D}.Release|Any CPU.ActiveCfg = Release|Any CPU
		{712689E0-9459-463E-A3C9-1E09766F783D}.Release|Any CPU.Build.0 = Release|Any CPU
	EndGlobalSection
	GlobalSection(SolutionProperties) = preSolution
		HideSolutionNode = FALSE
	EndGlobalSection
	GlobalSection(ExtensibilityGlobals) = postSolution
		SolutionGuid = {2775915D-78EC-4F9B-9D02-303AC9190B62}
	EndGlobalSection
EndGlobal
