
Microsoft Visual Studio Solution File, Format Version 12.00
# Visual Studio Version 17
VisualStudioVersion = 17.4.33205.214
MinimumVisualStudioVersion = 10.0.40219.1
Project("{FAE04EC0-301F-11D3-BF4B-00C04F79EFBC}") = "loginwith sql", "loginwith sql\loginwith sql.csproj", "{E0D12585-4186-49D5-8CF4-05DB128208D9}"
EndProject
Global
	GlobalSection(SolutionConfigurationPlatforms) = preSolution
		Debug|Any CPU = Debug|Any CPU
		Release|Any CPU = Release|Any CPU
	EndGlobalSection
	GlobalSection(ProjectConfigurationPlatforms) = postSolution
		{E0D12585-4186-49D5-8CF4-05DB128208D9}.Debug|Any CPU.ActiveCfg = Debug|Any CPU
		{E0D12585-4186-49D5-8CF4-05DB128208D9}.Debug|Any CPU.Build.0 = Debug|Any CPU
		{E0D12585-4186-49D5-8CF4-05DB128208D9}.Release|Any CPU.ActiveCfg = Release|Any CPU
		{E0D12585-4186-49D5-8CF4-05DB128208D9}.Release|Any CPU.Build.0 = Release|Any CPU
	EndGlobalSection
	GlobalSection(SolutionProperties) = preSolution
		HideSolutionNode = FALSE
	EndGlobalSection
	GlobalSection(ExtensibilityGlobals) = postSolution
		SolutionGuid = {104EDE9E-6086-4F81-9441-E606697543A9}
	EndGlobalSection
EndGlobal
