
Microsoft Visual Studio Solution File, Format Version 12.00
# Visual Studio Version 17
VisualStudioVersion = 17.5.33414.496
MinimumVisualStudioVersion = 10.0.40219.1
Project("{FAE04EC0-301F-11D3-BF4B-00C04F79EFBC}") = "Mefcontainerlearn", "Mefcontainerlearn\Mefcontainerlearn.csproj", "{1A99785F-60FA-4568-93BA-6912E5848F2D}"
EndProject
Global
	GlobalSection(SolutionConfigurationPlatforms) = preSolution
		Debug|Any CPU = Debug|Any CPU
		Release|Any CPU = Release|Any CPU
	EndGlobalSection
	GlobalSection(ProjectConfigurationPlatforms) = postSolution
		{1A99785F-60FA-4568-93BA-6912E5848F2D}.Debug|Any CPU.ActiveCfg = Debug|Any CPU
		{1A99785F-60FA-4568-93BA-6912E5848F2D}.Debug|Any CPU.Build.0 = Debug|Any CPU
		{1A99785F-60FA-4568-93BA-6912E5848F2D}.Release|Any CPU.ActiveCfg = Release|Any CPU
		{1A99785F-60FA-4568-93BA-6912E5848F2D}.Release|Any CPU.Build.0 = Release|Any CPU
	EndGlobalSection
	GlobalSection(SolutionProperties) = preSolution
		HideSolutionNode = FALSE
	EndGlobalSection
	GlobalSection(ExtensibilityGlobals) = postSolution
		SolutionGuid = {461CFE57-5F8D-4916-B64C-D9AB256964C5}
	EndGlobalSection
EndGlobal
