
Microsoft Visual Studio Solution File, Format Version 12.00
# Visual Studio Version 17
VisualStudioVersion = 17.7.34024.191
MinimumVisualStudioVersion = 10.0.40219.1
Project("{FAE04EC0-301F-11D3-BF4B-00C04F79EFBC}") = "Singleton instance votingMachine", "Singleton instance votingMachine\Singleton instance votingMachine.csproj", "{D617C36B-DCB5-4E73-BAB0-76BCFF92B189}"
EndProject
Global
	GlobalSection(SolutionConfigurationPlatforms) = preSolution
		Debug|Any CPU = Debug|Any CPU
		Release|Any CPU = Release|Any CPU
	EndGlobalSection
	GlobalSection(ProjectConfigurationPlatforms) = postSolution
		{D617C36B-DCB5-4E73-BAB0-76BCFF92B189}.Debug|Any CPU.ActiveCfg = Debug|Any CPU
		{D617C36B-DCB5-4E73-BAB0-76BCFF92B189}.Debug|Any CPU.Build.0 = Debug|Any CPU
		{D617C36B-DCB5-4E73-BAB0-76BCFF92B189}.Release|Any CPU.ActiveCfg = Release|Any CPU
		{D617C36B-DCB5-4E73-BAB0-76BCFF92B189}.Release|Any CPU.Build.0 = Release|Any CPU
	EndGlobalSection
	GlobalSection(SolutionProperties) = preSolution
		HideSolutionNode = FALSE
	EndGlobalSection
	GlobalSection(ExtensibilityGlobals) = postSolution
		SolutionGuid = {02E5A661-BC47-4B78-BBBD-7A3DA9E0F24C}
	EndGlobalSection
EndGlobal
